
Microsoft Visual Studio Solution File, Format Version 12.00
# Visual Studio Version 16
VisualStudioVersion = 16.0.31515.178
MinimumVisualStudioVersion = 10.0.40219.1
Project("{FAE04EC0-301F-11D3-BF4B-00C04F79EFBC}") = "StoreApp.Server", "StoreApp\Server\StoreApp.Server.csproj", "{DA0F8007-BA6F-4128-8474-C8BCEE9F1EBC}"
EndProject
Project("{FAE04EC0-301F-11D3-BF4B-00C04F79EFBC}") = "StoreApp.Client", "StoreApp\Client\StoreApp.Client.csproj", "{8D3C3194-2472-4D51-9FB8-12444A179F27}"
EndProject
Project("{FAE04EC0-301F-11D3-BF4B-00C04F79EFBC}") = "StoreApp.Shared", "StoreApp\Shared\StoreApp.Shared.csproj", "{1471CF77-2A08-4152-A9C5-42A1D610CA92}"
EndProject
Global
	GlobalSection(SolutionConfigurationPlatforms) = preSolution
		Debug|Any CPU = Debug|Any CPU
		Release|Any CPU = Release|Any CPU
	EndGlobalSection
	GlobalSection(ProjectConfigurationPlatforms) = postSolution
		{DA0F8007-BA6F-4128-8474-C8BCEE9F1EBC}.Debug|Any CPU.ActiveCfg = Debug|Any CPU
		{DA0F8007-BA6F-4128-8474-C8BCEE9F1EBC}.Debug|Any CPU.Build.0 = Debug|Any CPU
		{DA0F8007-BA6F-4128-8474-C8BCEE9F1EBC}.Release|Any CPU.ActiveCfg = Release|Any CPU
		{DA0F8007-BA6F-4128-8474-C8BCEE9F1EBC}.Release|Any CPU.Build.0 = Release|Any CPU
		{8D3C3194-2472-4D51-9FB8-12444A179F27}.Debug|Any CPU.ActiveCfg = Debug|Any CPU
		{8D3C3194-2472-4D51-9FB8-12444A179F27}.Debug|Any CPU.Build.0 = Debug|Any CPU
		{8D3C3194-2472-4D51-9FB8-12444A179F27}.Release|Any CPU.ActiveCfg = Release|Any CPU
		{8D3C3194-2472-4D51-9FB8-12444A179F27}.Release|Any CPU.Build.0 = Release|Any CPU
		{1471CF77-2A08-4152-A9C5-42A1D610CA92}.Debug|Any CPU.ActiveCfg = Debug|Any CPU
		{1471CF77-2A08-4152-A9C5-42A1D610CA92}.Debug|Any CPU.Build.0 = Debug|Any CPU
		{1471CF77-2A08-4152-A9C5-42A1D610CA92}.Release|Any CPU.ActiveCfg = Release|Any CPU
		{1471CF77-2A08-4152-A9C5-42A1D610CA92}.Release|Any CPU.Build.0 = Release|Any CPU
	EndGlobalSection
	GlobalSection(SolutionProperties) = preSolution
		HideSolutionNode = FALSE
	EndGlobalSection
	GlobalSection(ExtensibilityGlobals) = postSolution
		SolutionGuid = {351F8F12-9202-40E5-8A8C-578F978BE6C2}
	EndGlobalSection
EndGlobal
